<?xml version="1.0" encoding="UTF-8"?>
<CodeBlocks_project_file>
	<FileVersion major="1" minor="6"/>
	<Project>
		<Option title="cmake_helloworld"/>
		<Option makefile_is_custom="1"/>
		<Option compiler="gcc"/>
		<Option virtualFolders="CMake Files\;"/>
		<Build>
			<Target title="all">
				<Option working_dir="/home/heidsoft/heidsoft-libc/cpluscplus/cmake_helloworld"/>
				<Option type="4"/>
				<MakeCommands>
					<Build command="/usr/bin/make -f &quot;/home/heidsoft/heidsoft-libc/cpluscplus/cmake_helloworld/Makefile&quot;  VERBOSE=1 all"/>
					<CompileFile command="/usr/bin/make -f &quot;/home/heidsoft/heidsoft-libc/cpluscplus/cmake_helloworld/Makefile&quot;  VERBOSE=1 &quot;$file&quot;"/>
					<Clean command="/usr/bin/make -f &quot;/home/heidsoft/heidsoft-libc/cpluscplus/cmake_helloworld/Makefile&quot;  VERBOSE=1 clean"/>
					<DistClean command="/usr/bin/make -f &quot;/home/heidsoft/heidsoft-libc/cpluscplus/cmake_helloworld/Makefile&quot;  VERBOSE=1 clean"/>
				</MakeCommands>
			</Target>
			<Target title="rebuild_cache">
				<Option working_dir="/home/heidsoft/heidsoft-libc/cpluscplus/cmake_helloworld"/>
				<Option type="4"/>
				<MakeCommands>
					<Build command="/usr/bin/make -f &quot;/home/heidsoft/heidsoft-libc/cpluscplus/cmake_helloworld/Makefile&quot;  VERBOSE=1 rebuild_cache"/>
					<CompileFile command="/usr/bin/make -f &quot;/home/heidsoft/heidsoft-libc/cpluscplus/cmake_helloworld/Makefile&quot;  VERBOSE=1 &quot;$file&quot;"/>
					<Clean command="/usr/bin/make -f &quot;/home/heidsoft/heidsoft-libc/cpluscplus/cmake_helloworld/Makefile&quot;  VERBOSE=1 clean"/>
					<DistClean command="/usr/bin/make -f &quot;/home/heidsoft/heidsoft-libc/cpluscplus/cmake_helloworld/Makefile&quot;  VERBOSE=1 clean"/>
				</MakeCommands>
			</Target>
			<Target title="edit_cache">
				<Option working_dir="/home/heidsoft/heidsoft-libc/cpluscplus/cmake_helloworld"/>
				<Option type="4"/>
				<MakeCommands>
					<Build command="/usr/bin/make -f &quot;/home/heidsoft/heidsoft-libc/cpluscplus/cmake_helloworld/Makefile&quot;  VERBOSE=1 edit_cache"/>
					<CompileFile command="/usr/bin/make -f &quot;/home/heidsoft/heidsoft-libc/cpluscplus/cmake_helloworld/Makefile&quot;  VERBOSE=1 &quot;$file&quot;"/>
					<Clean command="/usr/bin/make -f &quot;/home/heidsoft/heidsoft-libc/cpluscplus/cmake_helloworld/Makefile&quot;  VERBOSE=1 clean"/>
					<DistClean command="/usr/bin/make -f &quot;/home/heidsoft/heidsoft-libc/cpluscplus/cmake_helloworld/Makefile&quot;  VERBOSE=1 clean"/>
				</MakeCommands>
			</Target>
			<Target title="cmake_helloworld">
				<Option output="/home/heidsoft/heidsoft-libc/cpluscplus/cmake_helloworld/cmake_helloworld" prefix_auto="0" extension_auto="0"/>
				<Option working_dir="/home/heidsoft/heidsoft-libc/cpluscplus/cmake_helloworld"/>
				<Option object_output="./"/>
				<Option type="1"/>
				<Option compiler="gcc"/>
				<Compiler/>
				<MakeCommands>
					<Build command="/usr/bin/make -f &quot;/home/heidsoft/heidsoft-libc/cpluscplus/cmake_helloworld/Makefile&quot;  VERBOSE=1 cmake_helloworld"/>
					<CompileFile command="/usr/bin/make -f &quot;/home/heidsoft/heidsoft-libc/cpluscplus/cmake_helloworld/Makefile&quot;  VERBOSE=1 &quot;$file&quot;"/>
					<Clean command="/usr/bin/make -f &quot;/home/heidsoft/heidsoft-libc/cpluscplus/cmake_helloworld/Makefile&quot;  VERBOSE=1 clean"/>
					<DistClean command="/usr/bin/make -f &quot;/home/heidsoft/heidsoft-libc/cpluscplus/cmake_helloworld/Makefile&quot;  VERBOSE=1 clean"/>
				</MakeCommands>
			</Target>
			<Target title="cmake_helloworld/fast">
				<Option output="/home/heidsoft/heidsoft-libc/cpluscplus/cmake_helloworld/cmake_helloworld" prefix_auto="0" extension_auto="0"/>
				<Option working_dir="/home/heidsoft/heidsoft-libc/cpluscplus/cmake_helloworld"/>
				<Option object_output="./"/>
				<Option type="1"/>
				<Option compiler="gcc"/>
				<Compiler/>
				<MakeCommands>
					<Build command="/usr/bin/make -f &quot;/home/heidsoft/heidsoft-libc/cpluscplus/cmake_helloworld/Makefile&quot;  VERBOSE=1 cmake_helloworld/fast"/>
					<CompileFile command="/usr/bin/make -f &quot;/home/heidsoft/heidsoft-libc/cpluscplus/cmake_helloworld/Makefile&quot;  VERBOSE=1 &quot;$file&quot;"/>
					<Clean command="/usr/bin/make -f &quot;/home/heidsoft/heidsoft-libc/cpluscplus/cmake_helloworld/Makefile&quot;  VERBOSE=1 clean"/>
					<DistClean command="/usr/bin/make -f &quot;/home/heidsoft/heidsoft-libc/cpluscplus/cmake_helloworld/Makefile&quot;  VERBOSE=1 clean"/>
				</MakeCommands>
			</Target>
		</Build>
		<Unit filename="/home/heidsoft/heidsoft-libc/cpluscplus/cmake_helloworld/src/Main.cpp">
			<Option target="cmake_helloworld"/>
		</Unit>
		<Unit filename="/home/heidsoft/heidsoft-libc/cpluscplus/cmake_helloworld/CMakeLists.txt">
			<Option virtualFolder="CMake Files\"/>
		</Unit>
	</Project>
</CodeBlocks_project_file>
